// !$*UTF8*$!
{
	archiveVersion = 1;
	classes = {
	};
	objectVersion = 55;
	objects = {

/* Begin PBXBuildFile section */
		E40DBBC72773588700910A9F /* Overpass-Regular.ttf in Resources */ = {isa = PBXBuildFile; fileRef = E40DBBC62773588600910A9F /* Overpass-Regular.ttf */; };
		E470D254277344F300BD5E37 /* AppDelegate.swift in Sources */ = {isa = PBXBuildFile; fileRef = E470D253277344F300BD5E37 /* AppDelegate.swift */; };
		E470D256277344F300BD5E37 /* SceneDelegate.swift in Sources */ = {isa = PBXBuildFile; fileRef = E470D255277344F300BD5E37 /* SceneDelegate.swift */; };
		E470D25D277344F400BD5E37 /* Assets.xcassets in Resources */ = {isa = PBXBuildFile; fileRef = E470D25C277344F400BD5E37 /* Assets.xcassets */; };
		E470D260277344F400BD5E37 /* LaunchScreen.storyboard in Resources */ = {isa = PBXBuildFile; fileRef = E470D25E277344F400BD5E37 /* LaunchScreen.storyboard */; };
		E470D26A2773457A00BD5E37 /* WeatherViewController.swift in Sources */ = {isa = PBXBuildFile; fileRef = E470D2682773457A00BD5E37 /* WeatherViewController.swift */; };
		E470D26B2773457A00BD5E37 /* WeatherViewController.xib in Resources */ = {isa = PBXBuildFile; fileRef = E470D2692773457A00BD5E37 /* WeatherViewController.xib */; };
		F301EBF0C4EBC5338E6CB005 /* Pods_WeatherLA.framework in Frameworks */ = {isa = PBXBuildFile; fileRef = 300A16B7FFB288D430498206 /* Pods_WeatherLA.framework */; };
/* End PBXBuildFile section */

/* Begin PBXFileReference section */
		150ABC2785FD2CCD181C1F66 /* Pods-WeatherLA.debug.xcconfig */ = {isa = PBXFileReference; includeInIndex = 1; lastKnownFileType = text.xcconfig; name = "Pods-WeatherLA.debug.xcconfig"; path = "Target Support Files/Pods-WeatherLA/Pods-WeatherLA.debug.xcconfig"; sourceTree = "<group>"; };
		300A16B7FFB288D430498206 /* Pods_WeatherLA.framework */ = {isa = PBXFileReference; explicitFileType = wrapper.framework; includeInIndex = 0; path = Pods_WeatherLA.framework; sourceTree = BUILT_PRODUCTS_DIR; };
		E40DBBC62773588600910A9F /* Overpass-Regular.ttf */ = {isa = PBXFileReference; lastKnownFileType = file; path = "Overpass-Regular.ttf"; sourceTree = "<group>"; };
		E470D250277344F300BD5E37 /* WeatherLA.app */ = {isa = PBXFileReference; explicitFileType = wrapper.application; includeInIndex = 0; path = WeatherLA.app; sourceTree = BUILT_PRODUCTS_DIR; };
		E470D253277344F300BD5E37 /* AppDelegate.swift */ = {isa = PBXFileReference; lastKnownFileType = sourcecode.swift; path = AppDelegate.swift; sourceTree = "<group>"; };
		E470D255277344F300BD5E37 /* SceneDelegate.swift */ = {isa = PBXFileReference; lastKnownFileType = sourcecode.swift; path = SceneDelegate.swift; sourceTree = "<group>"; };
		E470D25C277344F400BD5E37 /* Assets.xcassets */ = {isa = PBXFileReference; lastKnownFileType = folder.assetcatalog; path = Assets.xcassets; sourceTree = "<group>"; };
		E470D25F277344F400BD5E37 /* Base */ = {isa = PBXFileReference; lastKnownFileType = file.storyboard; name = Base; path = Base.lproj/LaunchScreen.storyboard; sourceTree = "<group>"; };
		E470D261277344F400BD5E37 /* Info.plist */ = {isa = PBXFileReference; lastKnownFileType = text.plist.xml; path = Info.plist; sourceTree = "<group>"; };
		E470D2682773457A00BD5E37 /* WeatherViewController.swift */ = {isa = PBXFileReference; lastKnownFileType = sourcecode.swift; path = WeatherViewController.swift; sourceTree = "<group>"; };
		E470D2692773457A00BD5E37 /* WeatherViewController.xib */ = {isa = PBXFileReference; lastKnownFileType = file.xib; path = WeatherViewController.xib; sourceTree = "<group>"; };
		ED382E6C1792CCA32E9A2B5A /* Pods-WeatherLA.release.xcconfig */ = {isa = PBXFileReference; includeInIndex = 1; lastKnownFileType = text.xcconfig; name = "Pods-WeatherLA.release.xcconfig"; path = "Target Support Files/Pods-WeatherLA/Pods-WeatherLA.release.xcconfig"; sourceTree = "<group>"; };
/* End PBXFileReference section */

/* Begin PBXFrameworksBuildPhase section */
		E470D24D277344F300BD5E37 /* Frameworks */ = {
			isa = PBXFrameworksBuildPhase;
			buildActionMask = 2147483647;
			files = (
				F301EBF0C4EBC5338E6CB005 /* Pods_WeatherLA.framework in Frameworks */,
			);
			runOnlyForDeploymentPostprocessing = 0;
		};
/* End PBXFrameworksBuildPhase section */

/* Begin PBXGroup section */
		036E3F271D563BC066E5C9E2 /* Pods */ = {
			isa = PBXGroup;
			children = (
				150ABC2785FD2CCD181C1F66 /* Pods-WeatherLA.debug.xcconfig */,
				ED382E6C1792CCA32E9A2B5A /* Pods-WeatherLA.release.xcconfig */,
			);
			path = Pods;
			sourceTree = "<group>";
		};
		4BB8216ECD832DA092EB0CBE /* Frameworks */ = {
			isa = PBXGroup;
			children = (
				300A16B7FFB288D430498206 /* Pods_WeatherLA.framework */,
			);
			name = Frameworks;
			sourceTree = "<group>";
		};
		E40DBBC5277357D200910A9F /* Fonts */ = {
			isa = PBXGroup;
			children = (
				E40DBBC62773588600910A9F /* Overpass-Regular.ttf */,
			);
			path = Fonts;
			sourceTree = "<group>";
		};
		E470D247277344F300BD5E37 = {
			isa = PBXGroup;
			children = (
				E470D252277344F300BD5E37 /* WeatherLA */,
				E470D251277344F300BD5E37 /* Products */,
				E40DBBC5277357D200910A9F /* Fonts */,
				036E3F271D563BC066E5C9E2 /* Pods */,
				4BB8216ECD832DA092EB0CBE /* Frameworks */,
			);
			sourceTree = "<group>";
		};
		E470D251277344F300BD5E37 /* Products */ = {
			isa = PBXGroup;
			children = (
				E470D250277344F300BD5E37 /* WeatherLA.app */,
			);
			name = Products;
			sourceTree = "<group>";
		};
		E470D252277344F300BD5E37 /* WeatherLA */ = {
			isa = PBXGroup;
			children = (
				E470D2672773455200BD5E37 /* WeatherViewController */,
				E470D253277344F300BD5E37 /* AppDelegate.swift */,
				E470D255277344F300BD5E37 /* SceneDelegate.swift */,
				E470D25C277344F400BD5E37 /* Assets.xcassets */,
				E470D25E277344F400BD5E37 /* LaunchScreen.storyboard */,
				E470D261277344F400BD5E37 /* Info.plist */,
			);
			path = WeatherLA;
			sourceTree = "<group>";
		};
		E470D2672773455200BD5E37 /* WeatherViewController */ = {
			isa = PBXGroup;
			children = (
				E470D2682773457A00BD5E37 /* WeatherViewController.swift */,
				E470D2692773457A00BD5E37 /* WeatherViewController.xib */,
			);
			path = WeatherViewController;
			sourceTree = "<group>";
		};
/* End PBXGroup section */

/* Begin PBXNativeTarget section */
		E470D24F277344F300BD5E37 /* WeatherLA */ = {
			isa = PBXNativeTarget;
			buildConfigurationList = E470D264277344F400BD5E37 /* Build configuration list for PBXNativeTarget "WeatherLA" */;
			buildPhases = (
				B9E930DDEE2D666104C2103C /* [CP] Check Pods Manifest.lock */,
				E470D24C277344F300BD5E37 /* Sources */,
				E470D24D277344F300BD5E37 /* Frameworks */,
				E470D24E277344F300BD5E37 /* Resources */,
				BAB046AE39C5BB625EB92D92 /* [CP] Embed Pods Frameworks */,
			);
			buildRules = (
			);
			dependencies = (
			);
			name = WeatherLA;
			productName = WeatherLA;
			productReference = E470D250277344F300BD5E37 /* WeatherLA.app */;
			productType = "com.apple.product-type.application";
		};
/* End PBXNativeTarget section */

/* Begin PBXProject section */
		E470D248277344F300BD5E37 /* Project object */ = {
			isa = PBXProject;
			attributes = {
				BuildIndependentTargetsInParallel = 1;
				LastSwiftUpdateCheck = 1310;
				LastUpgradeCheck = 1310;
				TargetAttributes = {
					E470D24F277344F300BD5E37 = {
						CreatedOnToolsVersion = 13.1;
					};
				};
			};
			buildConfigurationList = E470D24B277344F300BD5E37 /* Build configuration list for PBXProject "WeatherLA" */;
			compatibilityVersion = "Xcode 13.0";
			developmentRegion = en;
			hasScannedForEncodings = 0;
			knownRegions = (
				en,
				Base,
			);
			mainGroup = E470D247277344F300BD5E37;
			productRefGroup = E470D251277344F300BD5E37 /* Products */;
			projectDirPath = "";
			projectRoot = "";
			targets = (
				E470D24F277344F300BD5E37 /* WeatherLA */,
			);
		};
/* End PBXProject section */

/* Begin PBXResourcesBuildPhase section */
		E470D24E277344F300BD5E37 /* Resources */ = {
			isa = PBXResourcesBuildPhase;
			buildActionMask = 2147483647;
			files = (
				E470D260277344F400BD5E37 /* LaunchScreen.storyboard in Resources */,
				E470D26B2773457A00BD5E37 /* WeatherViewController.xib in Resources */,
				E40DBBC72773588700910A9F /* Overpass-Regular.ttf in Resources */,
				E470D25D277344F400BD5E37 /* Assets.xcassets in Resources */,
			);
			runOnlyForDeploymentPostprocessing = 0;
		};
/* End PBXResourcesBuildPhase section */

/* Begin PBXShellScriptBuildPhase section */
		B9E930DDEE2D666104C2103C /* [CP] Check Pods Manifest.lock */ = {
			isa = PBXShellScriptBuildPhase;
			buildActionMask = 2147483647;
			files = (
			);
			inputFileListPaths = (
			);
			inputPaths = (
				"${PODS_PODFILE_DIR_PATH}/Podfile.lock",
				"${PODS_ROOT}/Manifest.lock",
			);
			name = "[CP] Check Pods Manifest.lock";
			outputFileListPaths = (
			);
			outputPaths = (
				"$(DERIVED_FILE_DIR)/Pods-WeatherLA-checkManifestLockResult.txt",
			);
			runOnlyForDeploymentPostprocessing = 0;
			shellPath = /bin/sh;
			shellScript = "diff \"${PODS_PODFILE_DIR_PATH}/Podfile.lock\" \"${PODS_ROOT}/Manifest.lock\" > /dev/null\nif [ $? != 0 ] ; then\n    # print error to STDERR\n    echo \"error: The sandbox is not in sync with the Podfile.lock. Run 'pod install' or update your CocoaPods installation.\" >&2\n    exit 1\nfi\n# This output is used by Xcode 'outputs' to avoid re-running this script phase.\necho \"SUCCESS\" > \"${SCRIPT_OUTPUT_FILE_0}\"\n";
			showEnvVarsInLog = 0;
		};
		BAB046AE39C5BB625EB92D92 /* [CP] Embed Pods Frameworks */ = {
			isa = PBXShellScriptBuildPhase;
			buildActionMask = 2147483647;
			files = (
			);
			inputFileListPaths = (
				"${PODS_ROOT}/Target Support Files/Pods-WeatherLA/Pods-WeatherLA-frameworks-${CONFIGURATION}-input-files.xcfilelist",
			);
			name = "[CP] Embed Pods Frameworks";
			outputFileListPaths = (
				"${PODS_ROOT}/Target Support Files/Pods-WeatherLA/Pods-WeatherLA-frameworks-${CONFIGURATION}-output-files.xcfilelist",
			);
			runOnlyForDeploymentPostprocessing = 0;
			shellPath = /bin/sh;
			shellScript = "\"${PODS_ROOT}/Target Support Files/Pods-WeatherLA/Pods-WeatherLA-frameworks.sh\"\n";
			showEnvVarsInLog = 0;
		};
/* End PBXShellScriptBuildPhase section */

/* Begin PBXSourcesBuildPhase section */
		E470D24C277344F300BD5E37 /* Sources */ = {
			isa = PBXSourcesBuildPhase;
			buildActionMask = 2147483647;
			files = (
				E470D254277344F300BD5E37 /* AppDelegate.swift in Sources */,
				E470D26A2773457A00BD5E37 /* WeatherViewController.swift in Sources */,
				E470D256277344F300BD5E37 /* SceneDelegate.swift in Sources */,
			);
			runOnlyForDeploymentPostprocessing = 0;
		};
/* End PBXSourcesBuildPhase section */

/* Begin PBXVariantGroup section */
		E470D25E277344F400BD5E37 /* LaunchScreen.storyboard */ = {
			isa = PBXVariantGroup;
			children = (
				E470D25F277344F400BD5E37 /* Base */,
			);
			name = LaunchScreen.storyboard;
			sourceTree = "<group>";
		};
/* End PBXVariantGroup section */

/* Begin XCBuildConfiguration section */
		E470D262277344F400BD5E37 /* Debug */ = {
			isa = XCBuildConfiguration;
			buildSettings = {
				ALWAYS_SEARCH_USER_PATHS = NO;
				CLANG_ANALYZER_NONNULL = YES;
				CLANG_ANALYZER_NUMBER_OBJECT_CONVERSION = YES_AGGRESSIVE;
				CLANG_CXX_LANGUAGE_STANDARD = "gnu++17";
				CLANG_CXX_LIBRARY = "libc++";
				CLANG_ENABLE_MODULES = YES;
				CLANG_ENABLE_OBJC_ARC = YES;
				CLANG_ENABLE_OBJC_WEAK = YES;
				CLANG_WARN_BLOCK_CAPTURE_AUTORELEASING = YES;
				CLANG_WARN_BOOL_CONVERSION = YES;
				CLANG_WARN_COMMA = YES;
				CLANG_WARN_CONSTANT_CONVERSION = YES;
				CLANG_WARN_DEPRECATED_OBJC_IMPLEMENTATIONS = YES;
				CLANG_WARN_DIRECT_OBJC_ISA_USAGE = YES_ERROR;
				CLANG_WARN_DOCUMENTATION_COMMENTS = YES;
				CLANG_WARN_EMPTY_BODY = YES;
				CLANG_WARN_ENUM_CONVERSION = YES;
				CLANG_WARN_INFINITE_RECURSION = YES;
				CLANG_WARN_INT_CONVERSION = YES;
				CLANG_WARN_NON_LITERAL_NULL_CONVERSION = YES;
				CLANG_WARN_OBJC_IMPLICIT_RETAIN_SELF = YES;
				CLANG_WARN_OBJC_LITERAL_CONVERSION = YES;
				CLANG_WARN_OBJC_ROOT_CLASS = YES_ERROR;
				CLANG_WARN_QUOTED_INCLUDE_IN_FRAMEWORK_HEADER = YES;
				CLANG_WARN_RANGE_LOOP_ANALYSIS = YES;
				CLANG_WARN_STRICT_PROTOTYPES = YES;
				CLANG_WARN_SUSPICIOUS_MOVE = YES;
				CLANG_WARN_UNGUARDED_AVAILABILITY = YES_AGGRESSIVE;
				CLANG_WARN_UNREACHABLE_CODE = YES;
				CLANG_WARN__DUPLICATE_METHOD_MATCH = YES;
				COPY_PHASE_STRIP = NO;
				DEBUG_INFORMATION_FORMAT = dwarf;
				ENABLE_STRICT_OBJC_MSGSEND = YES;
				ENABLE_TESTABILITY = YES;
				GCC_C_LANGUAGE_STANDARD = gnu11;
				GCC_DYNAMIC_NO_PIC = NO;
				GCC_NO_COMMON_BLOCKS = YES;
				GCC_OPTIMIZATION_LEVEL = 0;
				GCC_PREPROCESSOR_DEFINITIONS = (
					"DEBUG=1",
					"$(inherited)",
				);
				GCC_WARN_64_TO_32_BIT_CONVERSION = YES;
				GCC_WARN_ABOUT_RETURN_TYPE = YES_ERROR;
				GCC_WARN_UNDECLARED_SELECTOR = YES;
				GCC_WARN_UNINITIALIZED_AUTOS = YES_AGGRESSIVE;
				GCC_WARN_UNUSED_FUNCTION = YES;
				GCC_WARN_UNUSED_VARIABLE = YES;
				IPHONEOS_DEPLOYMENT_TARGET = 15.0;
				MTL_ENABLE_DEBUG_INFO = INCLUDE_SOURCE;
				MTL_FAST_MATH = YES;
				ONLY_ACTIVE_ARCH = YES;
				SDKROOT = iphoneos;
				SWIFT_ACTIVE_COMPILATION_CONDITIONS = DEBUG;
				SWIFT_OPTIMIZATION_LEVEL = "-Onone";
			};
			name = Debug;
		};
		E470D263277344F400BD5E37 /* Release */ = {
			isa = XCBuildConfiguration;
			buildSettings = {
				ALWAYS_SEARCH_USER_PATHS = NO;
				CLANG_ANALYZER_NONNULL = YES;
				CLANG_ANALYZER_NUMBER_OBJECT_CONVERSION = YES_AGGRESSIVE;
				CLANG_CXX_LANGUAGE_STANDARD = "gnu++17";
				CLANG_CXX_LIBRARY = "libc++";
				CLANG_ENABLE_MODULES = YES;
				CLANG_ENABLE_OBJC_ARC = YES;
				CLANG_ENABLE_OBJC_WEAK = YES;
				CLANG_WARN_BLOCK_CAPTURE_AUTORELEASING = YES;
				CLANG_WARN_BOOL_CONVERSION = YES;
				CLANG_WARN_COMMA = YES;
				CLANG_WARN_CONSTANT_CONVERSION = YES;
				CLANG_WARN_DEPRECATED_OBJC_IMPLEMENTATIONS = YES;
				CLANG_WARN_DIRECT_OBJC_ISA_USAGE = YES_ERROR;
				CLANG_WARN_DOCUMENTATION_COMMENTS = YES;
				CLANG_WARN_EMPTY_BODY = YES;
				CLANG_WARN_ENUM_CONVERSION = YES;
				CLANG_WARN_INFINITE_RECURSION = YES;
				CLANG_WARN_INT_CONVERSION = YES;
				CLANG_WARN_NON_LITERAL_NULL_CONVERSION = YES;
				CLANG_WARN_OBJC_IMPLICIT_RETAIN_SELF = YES;
				CLANG_WARN_OBJC_LITERAL_CONVERSION = YES;
				CLANG_WARN_OBJC_ROOT_CLASS = YES_ERROR;
				CLANG_WARN_QUOTED_INCLUDE_IN_FRAMEWORK_HEADER = YES;
				CLANG_WARN_RANGE_LOOP_ANALYSIS = YES;
				CLANG_WARN_STRICT_PROTOTYPES = YES;
				CLANG_WARN_SUSPICIOUS_MOVE = YES;
				CLANG_WARN_UNGUARDED_AVAILABILITY = YES_AGGRESSIVE;
				CLANG_WARN_UNREACHABLE_CODE = YES;
				CLANG_WARN__DUPLICATE_METHOD_MATCH = YES;
				COPY_PHASE_STRIP = NO;
				DEBUG_INFORMATION_FORMAT = "dwarf-with-dsym";
				ENABLE_NS_ASSERTIONS = NO;
				ENABLE_STRICT_OBJC_MSGSEND = YES;
				GCC_C_LANGUAGE_STANDARD = gnu11;
				GCC_NO_COMMON_BLOCKS = YES;
				GCC_WARN_64_TO_32_BIT_CONVERSION = YES;
				GCC_WARN_ABOUT_RETURN_TYPE = YES_ERROR;
				GCC_WARN_UNDECLARED_SELECTOR = YES;
				GCC_WARN_UNINITIALIZED_AUTOS = YES_AGGRESSIVE;
				GCC_WARN_UNUSED_FUNCTION = YES;
				GCC_WARN_UNUSED_VARIABLE = YES;
				IPHONEOS_DEPLOYMENT_TARGET = 15.0;
				MTL_ENABLE_DEBUG_INFO = NO;
				MTL_FAST_MATH = YES;
				SDKROOT = iphoneos;
				SWIFT_COMPILATION_MODE = wholemodule;
				SWIFT_OPTIMIZATION_LEVEL = "-O";
				VALIDATE_PRODUCT = YES;
			};
			name = Release;
		};
		E470D265277344F400BD5E37 /* Debug */ = {
			isa = XCBuildConfiguration;
			baseConfigurationReference = 150ABC2785FD2CCD181C1F66 /* Pods-WeatherLA.debug.xcconfig */;
			buildSettings = {
				ASSETCATALOG_COMPILER_APPICON_NAME = AppIcon;
				ASSETCATALOG_COMPILER_GLOBAL_ACCENT_COLOR_NAME = AccentColor;
				CODE_SIGN_STYLE = Automatic;
				CURRENT_PROJECT_VERSION = 1;
				DEVELOPMENT_TEAM = 2D43MDQ38V;
				GENERATE_INFOPLIST_FILE = YES;
				INFOPLIST_FILE = WeatherLA/Info.plist;
				INFOPLIST_KEY_UIApplicationSupportsIndirectInputEvents = YES;
				INFOPLIST_KEY_UILaunchStoryboardName = LaunchScreen;
				INFOPLIST_KEY_UISupportedInterfaceOrientations_iPad = "UIInterfaceOrientationPortrait UIInterfaceOrientationPortraitUpsideDown UIInterfaceOrientationLandscapeLeft UIInterfaceOrientationLandscapeRight";
				INFOPLIST_KEY_UISupportedInterfaceOrientations_iPhone = "UIInterfaceOrientationPortrait UIInterfaceOrientationLandscapeLeft UIInterfaceOrientationLandscapeRight";
				LD_RUNPATH_SEARCH_PATHS = (
					"$(inherited)",
					"@executable_path/Frameworks",
				);
				MARKETING_VERSION = 1.0;
				PRODUCT_BUNDLE_IDENTIFIER = com.mycompany.button.WeatherLA;
				PRODUCT_NAME = "$(TARGET_NAME)";
				SWIFT_EMIT_LOC_STRINGS = YES;
				SWIFT_VERSION = 5.0;
				TARGETED_DEVICE_FAMILY = "1,2";
			};
			name = Debug;
		};
		E470D266277344F400BD5E37 /* Release */ = {
			isa = XCBuildConfiguration;
			baseConfigurationReference = ED382E6C1792CCA32E9A2B5A /* Pods-WeatherLA.release.xcconfig */;
			buildSettings = {
				ASSETCATALOG_COMPILER_APPICON_NAME = AppIcon;
				ASSETCATALOG_COMPILER_GLOBAL_ACCENT_COLOR_NAME = AccentColor;
				CODE_SIGN_STYLE = Automatic;
				CURRENT_PROJECT_VERSION = 1;
				DEVELOPMENT_TEAM = 2D43MDQ38V;
				GENERATE_INFOPLIST_FILE = YES;
				INFOPLIST_FILE = WeatherLA/Info.plist;
				INFOPLIST_KEY_UIApplicationSupportsIndirectInputEvents = YES;
				INFOPLIST_KEY_UILaunchStoryboardName = LaunchScreen;
				INFOPLIST_KEY_UISupportedInterfaceOrientations_iPad = "UIInterfaceOrientationPortrait UIInterfaceOrientationPortraitUpsideDown UIInterfaceOrientationLandscapeLeft UIInterfaceOrientationLandscapeRight";
				INFOPLIST_KEY_UISupportedInterfaceOrientations_iPhone = "UIInterfaceOrientationPortrait UIInterfaceOrientationLandscapeLeft UIInterfaceOrientationLandscapeRight";
				LD_RUNPATH_SEARCH_PATHS = (
					"$(inherited)",
					"@executable_path/Frameworks",
				);
				MARKETING_VERSION = 1.0;
				PRODUCT_BUNDLE_IDENTIFIER = com.mycompany.button.WeatherLA;
				PRODUCT_NAME = "$(TARGET_NAME)";
				SWIFT_EMIT_LOC_STRINGS = YES;
				SWIFT_VERSION = 5.0;
				TARGETED_DEVICE_FAMILY = "1,2";
			};
			name = Release;
		};
/* End XCBuildConfiguration section */

/* Begin XCConfigurationList section */
		E470D24B277344F300BD5E37 /* Build configuration list for PBXProject "WeatherLA" */ = {
			isa = XCConfigurationList;
			buildConfigurations = (
				E470D262277344F400BD5E37 /* Debug */,
				E470D263277344F400BD5E37 /* Release */,
			);
			defaultConfigurationIsVisible = 0;
			defaultConfigurationName = Release;
		};
		E470D264277344F400BD5E37 /* Build configuration list for PBXNativeTarget "WeatherLA" */ = {
			isa = XCConfigurationList;
			buildConfigurations = (
				E470D265277344F400BD5E37 /* Debug */,
				E470D266277344F400BD5E37 /* Release */,
			);
			defaultConfigurationIsVisible = 0;
			defaultConfigurationName = Release;
		};
/* End XCConfigurationList section */
	};
	rootObject = E470D248277344F300BD5E37 /* Project object */;
}
